
Microsoft Visual Studio Solution File, Format Version 12.00
# Visual Studio Version 16
VisualStudioVersion = 16.0.33027.164
MinimumVisualStudioVersion = 10.0.40219.1
Project("{FAE04EC0-301F-11D3-BF4B-00C04F79EFBC}") = "PushDemoAPI", "PushDemoAPI.csproj", "{96FA268C-CBA1-4183-88C5-E121B0CE3E5A}"
EndProject
Global
	GlobalSection(SolutionConfigurationPlatforms) = preSolution
		Debug|Any CPU = Debug|Any CPU
		Release|Any CPU = Release|Any CPU
	EndGlobalSection
	GlobalSection(ProjectConfigurationPlatforms) = postSolution
		{96FA268C-CBA1-4183-88C5-E121B0CE3E5A}.Debug|Any CPU.ActiveCfg = Debug|Any CPU
		{96FA268C-CBA1-4183-88C5-E121B0CE3E5A}.Debug|Any CPU.Build.0 = Debug|Any CPU
		{96FA268C-CBA1-4183-88C5-E121B0CE3E5A}.Release|Any CPU.ActiveCfg = Release|Any CPU
		{96FA268C-CBA1-4183-88C5-E121B0CE3E5A}.Release|Any CPU.Build.0 = Release|Any CPU
	EndGlobalSection
	GlobalSection(SolutionProperties) = preSolution
		HideSolutionNode = FALSE
	EndGlobalSection
	GlobalSection(ExtensibilityGlobals) = postSolution
		SolutionGuid = {1B69E482-304D-441D-85E1-CC08B2D16894}
	EndGlobalSection
EndGlobal
